// !$*UTF8*$!
{
	archiveVersion = 1;
	classes = {
	};
	objectVersion = 46;
	objects = {

/* Begin PBXBuildFile section */
		A95D74C81A424C60000183E7 /* AppDelegate.swift in Sources */ = {isa = PBXBuildFile; fileRef = A95D74C71A424C60000183E7 /* AppDelegate.swift */; };
		A95D74CA1A424C60000183E7 /* ViewController.swift in Sources */ = {isa = PBXBuildFile; fileRef = A95D74C91A424C60000183E7 /* ViewController.swift */; };
		A95D74CD1A424C60000183E7 /* Main.storyboard in Resources */ = {isa = PBXBuildFile; fileRef = A95D74CB1A424C60000183E7 /* Main.storyboard */; };
		A95D74CF1A424C60000183E7 /* Images.xcassets in Resources */ = {isa = PBXBuildFile; fileRef = A95D74CE1A424C60000183E7 /* Images.xcassets */; };
		A95D74D21A424C60000183E7 /* LaunchScreen.xib in Resources */ = {isa = PBXBuildFile; fileRef = A95D74D01A424C60000183E7 /* LaunchScreen.xib */; };
		A95D74DE1A424C60000183E7 /* Greyscale_SliderTests.swift in Sources */ = {isa = PBXBuildFile; fileRef = A95D74DD1A424C60000183E7 /* Greyscale_SliderTests.swift */; };
/* End PBXBuildFile section */

/* Begin PBXContainerItemProxy section */
		A95D74D81A424C60000183E7 /* PBXContainerItemProxy */ = {
			isa = PBXContainerItemProxy;
			containerPortal = A95D74BA1A424C60000183E7 /* Project object */;
			proxyType = 1;
			remoteGlobalIDString = A95D74C11A424C60000183E7;
			remoteInfo = "Greyscale Slider";
		};
/* End PBXContainerItemProxy section */

/* Begin PBXFileReference section */
		A95D74C21A424C60000183E7 /* Greyscale Slider.app */ = {isa = PBXFileReference; explicitFileType = wrapper.application; includeInIndex = 0; path = "Greyscale Slider.app"; sourceTree = BUILT_PRODUCTS_DIR; };
		A95D74C61A424C60000183E7 /* Info.plist */ = {isa = PBXFileReference; lastKnownFileType = text.plist.xml; path = Info.plist; sourceTree = "<group>"; };
		A95D74C71A424C60000183E7 /* AppDelegate.swift */ = {isa = PBXFileReference; lastKnownFileType = sourcecode.swift; path = AppDelegate.swift; sourceTree = "<group>"; };
		A95D74C91A424C60000183E7 /* ViewController.swift */ = {isa = PBXFileReference; lastKnownFileType = sourcecode.swift; path = ViewController.swift; sourceTree = "<group>"; };
		A95D74CC1A424C60000183E7 /* Base */ = {isa = PBXFileReference; lastKnownFileType = file.storyboard; name = Base; path = Base.lproj/Main.storyboard; sourceTree = "<group>"; };
		A95D74CE1A424C60000183E7 /* Images.xcassets */ = {isa = PBXFileReference; lastKnownFileType = folder.assetcatalog; path = Images.xcassets; sourceTree = "<group>"; };
		A95D74D11A424C60000183E7 /* Base */ = {isa = PBXFileReference; lastKnownFileType = file.xib; name = Base; path = Base.lproj/LaunchScreen.xib; sourceTree = "<group>"; };
		A95D74D71A424C60000183E7 /* Greyscale SliderTests.xctest */ = {isa = PBXFileReference; explicitFileType = wrapper.cfbundle; includeInIndex = 0; path = "Greyscale SliderTests.xctest"; sourceTree = BUILT_PRODUCTS_DIR; };
		A95D74DC1A424C60000183E7 /* Info.plist */ = {isa = PBXFileReference; lastKnownFileType = text.plist.xml; path = Info.plist; sourceTree = "<group>"; };
		A95D74DD1A424C60000183E7 /* Greyscale_SliderTests.swift */ = {isa = PBXFileReference; lastKnownFileType = sourcecode.swift; path = Greyscale_SliderTests.swift; sourceTree = "<group>"; };
/* End PBXFileReference section */

/* Begin PBXFrameworksBuildPhase section */
		A95D74BF1A424C60000183E7 /* Frameworks */ = {
			isa = PBXFrameworksBuildPhase;
			buildActionMask = 2147483647;
			files = (
			);
			runOnlyForDeploymentPostprocessing = 0;
		};
		A95D74D41A424C60000183E7 /* Frameworks */ = {
			isa = PBXFrameworksBuildPhase;
			buildActionMask = 2147483647;
			files = (
			);
			runOnlyForDeploymentPostprocessing = 0;
		};
/* End PBXFrameworksBuildPhase section */

/* Begin PBXGroup section */
		A95D74B91A424C60000183E7 = {
			isa = PBXGroup;
			children = (
				A95D74C41A424C60000183E7 /* Greyscale Slider */,
				A95D74DA1A424C60000183E7 /* Greyscale SliderTests */,
				A95D74C31A424C60000183E7 /* Products */,
			);
			sourceTree = "<group>";
		};
		A95D74C31A424C60000183E7 /* Products */ = {
			isa = PBXGroup;
			children = (
				A95D74C21A424C60000183E7 /* Greyscale Slider.app */,
				A95D74D71A424C60000183E7 /* Greyscale SliderTests.xctest */,
			);
			name = Products;
			sourceTree = "<group>";
		};
		A95D74C41A424C60000183E7 /* Greyscale Slider */ = {
			isa = PBXGroup;
			children = (
				A95D74C71A424C60000183E7 /* AppDelegate.swift */,
				A95D74C91A424C60000183E7 /* ViewController.swift */,
				A95D74CB1A424C60000183E7 /* Main.storyboard */,
				A95D74CE1A424C60000183E7 /* Images.xcassets */,
				A95D74D01A424C60000183E7 /* LaunchScreen.xib */,
				A95D74C51A424C60000183E7 /* Supporting Files */,
			);
			path = "Greyscale Slider";
			sourceTree = "<group>";
		};
		A95D74C51A424C60000183E7 /* Supporting Files */ = {
			isa = PBXGroup;
			children = (
				A95D74C61A424C60000183E7 /* Info.plist */,
			);
			name = "Supporting Files";
			sourceTree = "<group>";
		};
		A95D74DA1A424C60000183E7 /* Greyscale SliderTests */ = {
			isa = PBXGroup;
			children = (
				A95D74DD1A424C60000183E7 /* Greyscale_SliderTests.swift */,
				A95D74DB1A424C60000183E7 /* Supporting Files */,
			);
			path = "Greyscale SliderTests";
			sourceTree = "<group>";
		};
		A95D74DB1A424C60000183E7 /* Supporting Files */ = {
			isa = PBXGroup;
			children = (
				A95D74DC1A424C60000183E7 /* Info.plist */,
			);
			name = "Supporting Files";
			sourceTree = "<group>";
		};
/* End PBXGroup section */

/* Begin PBXNativeTarget section */
		A95D74C11A424C60000183E7 /* Greyscale Slider */ = {
			isa = PBXNativeTarget;
			buildConfigurationList = A95D74E11A424C60000183E7 /* Build configuration list for PBXNativeTarget "Greyscale Slider" */;
			buildPhases = (
				A95D74BE1A424C60000183E7 /* Sources */,
				A95D74BF1A424C60000183E7 /* Frameworks */,
				A95D74C01A424C60000183E7 /* Resources */,
			);
			buildRules = (
			);
			dependencies = (
			);
			name = "Greyscale Slider";
			productName = "Greyscale Slider";
			productReference = A95D74C21A424C60000183E7 /* Greyscale Slider.app */;
			productType = "com.apple.product-type.application";
		};
		A95D74D61A424C60000183E7 /* Greyscale SliderTests */ = {
			isa = PBXNativeTarget;
			buildConfigurationList = A95D74E41A424C60000183E7 /* Build configuration list for PBXNativeTarget "Greyscale SliderTests" */;
			buildPhases = (
				A95D74D31A424C60000183E7 /* Sources */,
				A95D74D41A424C60000183E7 /* Frameworks */,
				A95D74D51A424C60000183E7 /* Resources */,
			);
			buildRules = (
			);
			dependencies = (
				A95D74D91A424C60000183E7 /* PBXTargetDependency */,
			);
			name = "Greyscale SliderTests";
			productName = "Greyscale SliderTests";
			productReference = A95D74D71A424C60000183E7 /* Greyscale SliderTests.xctest */;
			productType = "com.apple.product-type.bundle.unit-test";
		};
/* End PBXNativeTarget section */

/* Begin PBXProject section */
		A95D74BA1A424C60000183E7 /* Project object */ = {
			isa = PBXProject;
			attributes = {
				LastUpgradeCheck = 0610;
				ORGANIZATIONNAME = "Kale Mobile";
				TargetAttributes = {
					A95D74C11A424C60000183E7 = {
						CreatedOnToolsVersion = 6.1.1;
					};
					A95D74D61A424C60000183E7 = {
						CreatedOnToolsVersion = 6.1.1;
						TestTargetID = A95D74C11A424C60000183E7;
					};
				};
			};
			buildConfigurationList = A95D74BD1A424C60000183E7 /* Build configuration list for PBXProject "Greyscale Slider" */;
			compatibilityVersion = "Xcode 3.2";
			developmentRegion = English;
			hasScannedForEncodings = 0;
			knownRegions = (
				en,
				Base,
			);
			mainGroup = A95D74B91A424C60000183E7;
			productRefGroup = A95D74C31A424C60000183E7 /* Products */;
			projectDirPath = "";
			projectRoot = "";
			targets = (
				A95D74C11A424C60000183E7 /* Greyscale Slider */,
				A95D74D61A424C60000183E7 /* Greyscale SliderTests */,
			);
		};
/* End PBXProject section */

/* Begin PBXResourcesBuildPhase section */
		A95D74C01A424C60000183E7 /* Resources */ = {
			isa = PBXResourcesBuildPhase;
			buildActionMask = 2147483647;
			files = (
				A95D74CD1A424C60000183E7 /* Main.storyboard in Resources */,
				A95D74D21A424C60000183E7 /* LaunchScreen.xib in Resources */,
				A95D74CF1A424C60000183E7 /* Images.xcassets in Resources */,
			);
			runOnlyForDeploymentPostprocessing = 0;
		};
		A95D74D51A424C60000183E7 /* Resources */ = {
			isa = PBXResourcesBuildPhase;
			buildActionMask = 2147483647;
			files = (
			);
			runOnlyForDeploymentPostprocessing = 0;
		};
/* End PBXResourcesBuildPhase section */

/* Begin PBXSourcesBuildPhase section */
		A95D74BE1A424C60000183E7 /* Sources */ = {
			isa = PBXSourcesBuildPhase;
			buildActionMask = 2147483647;
			files = (
				A95D74CA1A424C60000183E7 /* ViewController.swift in Sources */,
				A95D74C81A424C60000183E7 /* AppDelegate.swift in Sources */,
			);
			runOnlyForDeploymentPostprocessing = 0;
		};
		A95D74D31A424C60000183E7 /* Sources */ = {
			isa = PBXSourcesBuildPhase;
			buildActionMask = 2147483647;
			files = (
				A95D74DE1A424C60000183E7 /* Greyscale_SliderTests.swift in Sources */,
			);
			runOnlyForDeploymentPostprocessing = 0;
		};
/* End PBXSourcesBuildPhase section */

/* Begin PBXTargetDependency section */
		A95D74D91A424C60000183E7 /* PBXTargetDependency */ = {
			isa = PBXTargetDependency;
			target = A95D74C11A424C60000183E7 /* Greyscale Slider */;
			targetProxy = A95D74D81A424C60000183E7 /* PBXContainerItemProxy */;
		};
/* End PBXTargetDependency section */

/* Begin PBXVariantGroup section */
		A95D74CB1A424C60000183E7 /* Main.storyboard */ = {
			isa = PBXVariantGroup;
			children = (
				A95D74CC1A424C60000183E7 /* Base */,
			);
			name = Main.storyboard;
			sourceTree = "<group>";
		};
		A95D74D01A424C60000183E7 /* LaunchScreen.xib */ = {
			isa = PBXVariantGroup;
			children = (
				A95D74D11A424C60000183E7 /* Base */,
			);
			name = LaunchScreen.xib;
			sourceTree = "<group>";
		};
/* End PBXVariantGroup section */

/* Begin XCBuildConfiguration section */
		A95D74DF1A424C60000183E7 /* Debug */ = {
			isa = XCBuildConfiguration;
			buildSettings = {
				ALWAYS_SEARCH_USER_PATHS = NO;
				CLANG_CXX_LANGUAGE_STANDARD = "gnu++0x";
				CLANG_CXX_LIBRARY = "libc++";
				CLANG_ENABLE_MODULES = YES;
				CLANG_ENABLE_OBJC_ARC = YES;
				CLANG_WARN_BOOL_CONVERSION = YES;
				CLANG_WARN_CONSTANT_CONVERSION = YES;
				CLANG_WARN_DIRECT_OBJC_ISA_USAGE = YES_ERROR;
				CLANG_WARN_EMPTY_BODY = YES;
				CLANG_WARN_ENUM_CONVERSION = YES;
				CLANG_WARN_INT_CONVERSION = YES;
				CLANG_WARN_OBJC_ROOT_CLASS = YES_ERROR;
				CLANG_WARN_UNREACHABLE_CODE = YES;
				CLANG_WARN__DUPLICATE_METHOD_MATCH = YES;
				"CODE_SIGN_IDENTITY[sdk=iphoneos*]" = "iPhone Developer";
				COPY_PHASE_STRIP = NO;
				ENABLE_STRICT_OBJC_MSGSEND = YES;
				GCC_C_LANGUAGE_STANDARD = gnu99;
				GCC_DYNAMIC_NO_PIC = NO;
				GCC_OPTIMIZATION_LEVEL = 0;
				GCC_PREPROCESSOR_DEFINITIONS = (
					"DEBUG=1",
					"$(inherited)",
				);
				GCC_SYMBOLS_PRIVATE_EXTERN = NO;
				GCC_WARN_64_TO_32_BIT_CONVERSION = YES;
				GCC_WARN_ABOUT_RETURN_TYPE = YES_ERROR;
				GCC_WARN_UNDECLARED_SELECTOR = YES;
				GCC_WARN_UNINITIALIZED_AUTOS = YES_AGGRESSIVE;
				GCC_WARN_UNUSED_FUNCTION = YES;
				GCC_WARN_UNUSED_VARIABLE = YES;
				IPHONEOS_DEPLOYMENT_TARGET = 8.1;
				MTL_ENABLE_DEBUG_INFO = YES;
				ONLY_ACTIVE_ARCH = YES;
				SDKROOT = iphoneos;
				SWIFT_OPTIMIZATION_LEVEL = "-Onone";
			};
			name = Debug;
		};
		A95D74E01A424C60000183E7 /* Release */ = {
			isa = XCBuildConfiguration;
			buildSettings = {
				ALWAYS_SEARCH_USER_PATHS = NO;
				CLANG_CXX_LANGUAGE_STANDARD = "gnu++0x";
				CLANG_CXX_LIBRARY = "libc++";
				CLANG_ENABLE_MODULES = YES;
				CLANG_ENABLE_OBJC_ARC = YES;
				CLANG_WARN_BOOL_CONVERSION = YES;
				CLANG_WARN_CONSTANT_CONVERSION = YES;
				CLANG_WARN_DIRECT_OBJC_ISA_USAGE = YES_ERROR;
				CLANG_WARN_EMPTY_BODY = YES;
				CLANG_WARN_ENUM_CONVERSION = YES;
				CLANG_WARN_INT_CONVERSION = YES;
				CLANG_WARN_OBJC_ROOT_CLASS = YES_ERROR;
				CLANG_WARN_UNREACHABLE_CODE = YES;
				CLANG_WARN__DUPLICATE_METHOD_MATCH = YES;
				"CODE_SIGN_IDENTITY[sdk=iphoneos*]" = "iPhone Developer";
				COPY_PHASE_STRIP = YES;
				ENABLE_NS_ASSERTIONS = NO;
				ENABLE_STRICT_OBJC_MSGSEND = YES;
				GCC_C_LANGUAGE_STANDARD = gnu99;
				GCC_WARN_64_TO_32_BIT_CONVERSION = YES;
				GCC_WARN_ABOUT_RETURN_TYPE = YES_ERROR;
				GCC_WARN_UNDECLARED_SELECTOR = YES;
				GCC_WARN_UNINITIALIZED_AUTOS = YES_AGGRESSIVE;
				GCC_WARN_UNUSED_FUNCTION = YES;
				GCC_WARN_UNUSED_VARIABLE = YES;
				IPHONEOS_DEPLOYMENT_TARGET = 8.1;
				MTL_ENABLE_DEBUG_INFO = NO;
				SDKROOT = iphoneos;
				VALIDATE_PRODUCT = YES;
			};
			name = Release;
		};
		A95D74E21A424C60000183E7 /* Debug */ = {
			isa = XCBuildConfiguration;
			buildSettings = {
				ASSETCATALOG_COMPILER_APPICON_NAME = AppIcon;
				INFOPLIST_FILE = "Greyscale Slider/Info.plist";
				LD_RUNPATH_SEARCH_PATHS = "$(inherited) @executable_path/Frameworks";
				PRODUCT_NAME = "$(TARGET_NAME)";
			};
			name = Debug;
		};
		A95D74E31A424C60000183E7 /* Release */ = {
			isa = XCBuildConfiguration;
			buildSettings = {
				ASSETCATALOG_COMPILER_APPICON_NAME = AppIcon;
				INFOPLIST_FILE = "Greyscale Slider/Info.plist";
				LD_RUNPATH_SEARCH_PATHS = "$(inherited) @executable_path/Frameworks";
				PRODUCT_NAME = "$(TARGET_NAME)";
			};
			name = Release;
		};
		A95D74E51A424C60000183E7 /* Debug */ = {
			isa = XCBuildConfiguration;
			buildSettings = {
				BUNDLE_LOADER = "$(TEST_HOST)";
				FRAMEWORK_SEARCH_PATHS = (
					"$(SDKROOT)/Developer/Library/Frameworks",
					"$(inherited)",
				);
				GCC_PREPROCESSOR_DEFINITIONS = (
					"DEBUG=1",
					"$(inherited)",
				);
				INFOPLIST_FILE = "Greyscale SliderTests/Info.plist";
				LD_RUNPATH_SEARCH_PATHS = "$(inherited) @executable_path/Frameworks @loader_path/Frameworks";
				PRODUCT_NAME = "$(TARGET_NAME)";
				TEST_HOST = "$(BUILT_PRODUCTS_DIR)/Greyscale Slider.app/Greyscale Slider";
			};
			name = Debug;
		};
		A95D74E61A424C60000183E7 /* Release */ = {
			isa = XCBuildConfiguration;
			buildSettings = {
				BUNDLE_LOADER = "$(TEST_HOST)";
				FRAMEWORK_SEARCH_PATHS = (
					"$(SDKROOT)/Developer/Library/Frameworks",
					"$(inherited)",
				);
				INFOPLIST_FILE = "Greyscale SliderTests/Info.plist";
				LD_RUNPATH_SEARCH_PATHS = "$(inherited) @executable_path/Frameworks @loader_path/Frameworks";
				PRODUCT_NAME = "$(TARGET_NAME)";
				TEST_HOST = "$(BUILT_PRODUCTS_DIR)/Greyscale Slider.app/Greyscale Slider";
			};
			name = Release;
		};
/* End XCBuildConfiguration section */

/* Begin XCConfigurationList section */
		A95D74BD1A424C60000183E7 /* Build configuration list for PBXProject "Greyscale Slider" */ = {
			isa = XCConfigurationList;
			buildConfigurations = (
				A95D74DF1A424C60000183E7 /* Debug */,
				A95D74E01A424C60000183E7 /* Release */,
			);
			defaultConfigurationIsVisible = 0;
			defaultConfigurationName = Release;
		};
		A95D74E11A424C60000183E7 /* Build configuration list for PBXNativeTarget "Greyscale Slider" */ = {
			isa = XCConfigurationList;
			buildConfigurations = (
				A95D74E21A424C60000183E7 /* Debug */,
				A95D74E31A424C60000183E7 /* Release */,
			);
			defaultConfigurationIsVisible = 0;
		};
		A95D74E41A424C60000183E7 /* Build configuration list for PBXNativeTarget "Greyscale SliderTests" */ = {
			isa = XCConfigurationList;
			buildConfigurations = (
				A95D74E51A424C60000183E7 /* Debug */,
				A95D74E61A424C60000183E7 /* Release */,
			);
			defaultConfigurationIsVisible = 0;
		};
/* End XCConfigurationList section */
	};
	rootObject = A95D74BA1A424C60000183E7 /* Project object */;
}
